
Microsoft Visual Studio Solution File, Format Version 12.00
# Visual Studio 2013
VisualStudioVersion = 12.0.31101.0
MinimumVisualStudioVersion = 10.0.40219.1
Project("{FAE04EC0-301F-11D3-BF4B-00C04F79EFBC}") = "Server", "Server\Server.csproj", "{B5425574-CF10-42E3-A74A-32EFCCD4777D}"
EndProject
Project("{FAE04EC0-301F-11D3-BF4B-00C04F79EFBC}") = "TestServer", "TestServer\TestServer.csproj", "{7D8B8C65-0968-4BF4-9955-1DA5D6EFC587}"
EndProject
Project("{FAE04EC0-301F-11D3-BF4B-00C04F79EFBC}") = "Model", "Model\Model.csproj", "{D2387D10-FFD3-4DD4-8822-DC5F6ED1D93C}"
EndProject
Project("{FAE04EC0-301F-11D3-BF4B-00C04F79EFBC}") = "TestModel", "TestModel\TestModel.csproj", "{29890411-DCF2-4784-9B5A-B0977CFF6CC2}"
EndProject
Project("{FAE04EC0-301F-11D3-BF4B-00C04F79EFBC}") = "Control", "Control\Control.csproj", "{2B05A805-5993-476C-84FE-B0749199B8A5}"
EndProject
Project("{FAE04EC0-301F-11D3-BF4B-00C04F79EFBC}") = "TestControl", "TestControl\TestControl.csproj", "{6090AD1B-850F-4614-8716-8AC794BE1211}"
EndProject
Project("{FAE04EC0-301F-11D3-BF4B-00C04F79EFBC}") = "Database", "Database\Database.csproj", "{7E11D2BB-3939-4075-9764-002F88454ED0}"
EndProject
Project("{FAE04EC0-301F-11D3-BF4B-00C04F79EFBC}") = "TestDatabase", "TestDatabase\TestDatabase.csproj", "{C923C236-A8C9-42A7-AC71-C688FBB1499A}"
EndProject
Project("{FAE04EC0-301F-11D3-BF4B-00C04F79EFBC}") = "GMap", "GMap\GMap.csproj", "{8E39FC70-AF00-4F83-A7BA-D25F22D3DACE}"
EndProject
Global
	GlobalSection(SolutionConfigurationPlatforms) = preSolution
		Debug|Any CPU = Debug|Any CPU
		Release|Any CPU = Release|Any CPU
	EndGlobalSection
	GlobalSection(ProjectConfigurationPlatforms) = postSolution
		{B5425574-CF10-42E3-A74A-32EFCCD4777D}.Debug|Any CPU.ActiveCfg = Debug|Any CPU
		{B5425574-CF10-42E3-A74A-32EFCCD4777D}.Debug|Any CPU.Build.0 = Debug|Any CPU
		{B5425574-CF10-42E3-A74A-32EFCCD4777D}.Release|Any CPU.ActiveCfg = Release|Any CPU
		{B5425574-CF10-42E3-A74A-32EFCCD4777D}.Release|Any CPU.Build.0 = Release|Any CPU
		{7D8B8C65-0968-4BF4-9955-1DA5D6EFC587}.Debug|Any CPU.ActiveCfg = Debug|Any CPU
		{7D8B8C65-0968-4BF4-9955-1DA5D6EFC587}.Debug|Any CPU.Build.0 = Debug|Any CPU
		{7D8B8C65-0968-4BF4-9955-1DA5D6EFC587}.Release|Any CPU.ActiveCfg = Release|Any CPU
		{7D8B8C65-0968-4BF4-9955-1DA5D6EFC587}.Release|Any CPU.Build.0 = Release|Any CPU
		{D2387D10-FFD3-4DD4-8822-DC5F6ED1D93C}.Debug|Any CPU.ActiveCfg = Debug|Any CPU
		{D2387D10-FFD3-4DD4-8822-DC5F6ED1D93C}.Debug|Any CPU.Build.0 = Debug|Any CPU
		{D2387D10-FFD3-4DD4-8822-DC5F6ED1D93C}.Release|Any CPU.ActiveCfg = Release|Any CPU
		{D2387D10-FFD3-4DD4-8822-DC5F6ED1D93C}.Release|Any CPU.Build.0 = Release|Any CPU
		{29890411-DCF2-4784-9B5A-B0977CFF6CC2}.Debug|Any CPU.ActiveCfg = Debug|Any CPU
		{29890411-DCF2-4784-9B5A-B0977CFF6CC2}.Debug|Any CPU.Build.0 = Debug|Any CPU
		{29890411-DCF2-4784-9B5A-B0977CFF6CC2}.Release|Any CPU.ActiveCfg = Release|Any CPU
		{29890411-DCF2-4784-9B5A-B0977CFF6CC2}.Release|Any CPU.Build.0 = Release|Any CPU
		{2B05A805-5993-476C-84FE-B0749199B8A5}.Debug|Any CPU.ActiveCfg = Debug|Any CPU
		{2B05A805-5993-476C-84FE-B0749199B8A5}.Debug|Any CPU.Build.0 = Debug|Any CPU
		{2B05A805-5993-476C-84FE-B0749199B8A5}.Release|Any CPU.ActiveCfg = Release|Any CPU
		{2B05A805-5993-476C-84FE-B0749199B8A5}.Release|Any CPU.Build.0 = Release|Any CPU
		{6090AD1B-850F-4614-8716-8AC794BE1211}.Debug|Any CPU.ActiveCfg = Debug|Any CPU
		{6090AD1B-850F-4614-8716-8AC794BE1211}.Debug|Any CPU.Build.0 = Debug|Any CPU
		{6090AD1B-850F-4614-8716-8AC794BE1211}.Release|Any CPU.ActiveCfg = Release|Any CPU
		{6090AD1B-850F-4614-8716-8AC794BE1211}.Release|Any CPU.Build.0 = Release|Any CPU
		{7E11D2BB-3939-4075-9764-002F88454ED0}.Debug|Any CPU.ActiveCfg = Debug|Any CPU
		{7E11D2BB-3939-4075-9764-002F88454ED0}.Debug|Any CPU.Build.0 = Debug|Any CPU
		{7E11D2BB-3939-4075-9764-002F88454ED0}.Release|Any CPU.ActiveCfg = Release|Any CPU
		{7E11D2BB-3939-4075-9764-002F88454ED0}.Release|Any CPU.Build.0 = Release|Any CPU
		{C923C236-A8C9-42A7-AC71-C688FBB1499A}.Debug|Any CPU.ActiveCfg = Debug|Any CPU
		{C923C236-A8C9-42A7-AC71-C688FBB1499A}.Debug|Any CPU.Build.0 = Debug|Any CPU
		{C923C236-A8C9-42A7-AC71-C688FBB1499A}.Release|Any CPU.ActiveCfg = Release|Any CPU
		{C923C236-A8C9-42A7-AC71-C688FBB1499A}.Release|Any CPU.Build.0 = Release|Any CPU
		{8E39FC70-AF00-4F83-A7BA-D25F22D3DACE}.Debug|Any CPU.ActiveCfg = Debug|Any CPU
		{8E39FC70-AF00-4F83-A7BA-D25F22D3DACE}.Debug|Any CPU.Build.0 = Debug|Any CPU
		{8E39FC70-AF00-4F83-A7BA-D25F22D3DACE}.Release|Any CPU.ActiveCfg = Release|Any CPU
		{8E39FC70-AF00-4F83-A7BA-D25F22D3DACE}.Release|Any CPU.Build.0 = Release|Any CPU
	EndGlobalSection
	GlobalSection(SolutionProperties) = preSolution
		HideSolutionNode = FALSE
	EndGlobalSection
EndGlobal
